
Microsoft Visual Studio Solution File, Format Version 12.00
# Visual Studio 15
VisualStudioVersion = 15.0.27130.2024
MinimumVisualStudioVersion = 10.0.40219.1
Project("{9A19103F-16F7-4668-BE54-9A1E7A4F7556}") = "JondellAccountServiceAPI", "JondellAccountServiceAPI\JondellAccountServiceAPI.csproj", "{D39AB7B8-E5DF-481D-AB8C-9C8D4577F4C3}"
EndProject
Project("{FAE04EC0-301F-11D3-BF4B-00C04F79EFBC}") = "DataService", "DataService\DataService.csproj", "{D532710B-D00D-45DA-926C-C9052433958F}"
EndProject
Global
	GlobalSection(SolutionConfigurationPlatforms) = preSolution
		Debug|Any CPU = Debug|Any CPU
		Release|Any CPU = Release|Any CPU
	EndGlobalSection
	GlobalSection(ProjectConfigurationPlatforms) = postSolution
		{D39AB7B8-E5DF-481D-AB8C-9C8D4577F4C3}.Debug|Any CPU.ActiveCfg = Debug|Any CPU
		{D39AB7B8-E5DF-481D-AB8C-9C8D4577F4C3}.Debug|Any CPU.Build.0 = Debug|Any CPU
		{D39AB7B8-E5DF-481D-AB8C-9C8D4577F4C3}.Release|Any CPU.ActiveCfg = Release|Any CPU
		{D39AB7B8-E5DF-481D-AB8C-9C8D4577F4C3}.Release|Any CPU.Build.0 = Release|Any CPU
		{D532710B-D00D-45DA-926C-C9052433958F}.Debug|Any CPU.ActiveCfg = Debug|Any CPU
		{D532710B-D00D-45DA-926C-C9052433958F}.Debug|Any CPU.Build.0 = Debug|Any CPU
		{D532710B-D00D-45DA-926C-C9052433958F}.Release|Any CPU.ActiveCfg = Release|Any CPU
		{D532710B-D00D-45DA-926C-C9052433958F}.Release|Any CPU.Build.0 = Release|Any CPU
	EndGlobalSection
	GlobalSection(SolutionProperties) = preSolution
		HideSolutionNode = FALSE
	EndGlobalSection
	GlobalSection(ExtensibilityGlobals) = postSolution
		SolutionGuid = {8BFC2EE6-1A75-4F6E-9E60-21E0764B4C7F}
	EndGlobalSection
EndGlobal
